{"1.2.0",
[{<<"cowboy">>,{pkg,<<"cowboy">>,<<"2.10.0">>},0},
 {<<"cowlib">>,{pkg,<<"cowlib">>,<<"2.12.1">>},1},
 {<<"epgsql">>,{pkg,<<"epgsql">>,<<"4.7.0">>},0},
 {<<"gun">>,{pkg,<<"gun">>,<<"2.0.1">>},0},
 {<<"ranch">>,{pkg,<<"ranch">>,<<"1.8.0">>},1},
 {<<"supervisor3">>,{pkg,<<"supervisor3">>,<<"1.1.9">>},0}]}.
[
{pkg_hash,[
 {<<"cowboy">>, <<"FF9FFEFF91DAE4AE270DD975642997AFE2A1179D94B1887863E43F681A203E26">>},
 {<<"cowlib">>, <<"A9FA9A625F1D2025FE6B462CB865881329B5CAFF8F1854D1CBC9F9533F00E1E1">>},
 {<<"epgsql">>, <<"98361A63E49AE14DF57CBDA8495058D42ABD3A316F822D1F990A40259026FE5E">>},
 {<<"gun">>, <<"160A9A5394800FCBA41BC7E6D421295CF9A7894C2252C0678244948E3336AD73">>},
 {<<"ranch">>, <<"8C7A100A139FD57F17327B6413E4167AC559FBC04CA7448E9BE9057311597A1D">>},
 {<<"supervisor3">>, <<"F1A3CC12FB6197526F548E79C9FE2B4AF0C74EFB8A687917B3B1EBE5E9C9368D">>}]},
{pkg_hash_ext,[
 {<<"cowboy">>, <<"3AFDCCB7183CC6F143CB14D3CF51FA00E53DB9EC80CDCD525482F5E99BC41D6B">>},
 {<<"cowlib">>, <<"163B73F6367A7341B33C794C4E88E7DBFE6498AC42DCD69EF44C5BC5507C8DB0">>},
 {<<"epgsql">>, <<"90B0145D302AB133D957EA46A884E6E37E847E6E47DEAF93104314D2AD8CB5BB">>},
 {<<"gun">>, <<"A10BC8D6096B9502205022334F719CC9A08D9ADCFBFC0DBEE9EF31B56274A20B">>},
 {<<"ranch">>, <<"49FBCFD3682FAB1F5D109351B61257676DA1A2FDBE295904176D5E521A2DDFE5">>},
 {<<"supervisor3">>, <<"71B177C08F8CAB9EC8ECB81C1AA28A23BBC24AAC4B468C2DB69840229D78D5C4">>}]}
].
